// !$*UTF8*$!
{
	archiveVersion = 1;
	classes = {
	};
	objectVersion = 50;
	objects = {

/* Begin PBXBuildFile section */
		5DBAD9B226915CB600AC68C2 /* RoomsApp.swift in Sources */ = {isa = PBXBuildFile; fileRef = 5DBAD9B126915CB600AC68C2 /* RoomsApp.swift */; };
		5DBAD9B426915CB600AC68C2 /* ContentView.swift in Sources */ = {isa = PBXBuildFile; fileRef = 5DBAD9B326915CB600AC68C2 /* ContentView.swift */; };
		5DBAD9B626915CB700AC68C2 /* Assets.xcassets in Resources */ = {isa = PBXBuildFile; fileRef = 5DBAD9B526915CB700AC68C2 /* Assets.xcassets */; };
		5DBAD9B926915CB700AC68C2 /* Preview Assets.xcassets in Resources */ = {isa = PBXBuildFile; fileRef = 5DBAD9B826915CB700AC68C2 /* Preview Assets.xcassets */; };
		5DBAD9C126916D9600AC68C2 /* Room.swift in Sources */ = {isa = PBXBuildFile; fileRef = 5DBAD9C026916D9600AC68C2 /* Room.swift */; };
		5DBAD9C3269181C000AC68C2 /* RoomDetail.swift in Sources */ = {isa = PBXBuildFile; fileRef = 5DBAD9C2269181C000AC68C2 /* RoomDetail.swift */; };
		5DBAD9C52691FCB800AC68C2 /* RoomStore.swift in Sources */ = {isa = PBXBuildFile; fileRef = 5DBAD9C42691FCB800AC68C2 /* RoomStore.swift */; };
/* End PBXBuildFile section */

/* Begin PBXFileReference section */
		5DBAD9AE26915CB600AC68C2 /* Rooms.app */ = {isa = PBXFileReference; explicitFileType = wrapper.application; includeInIndex = 0; path = Rooms.app; sourceTree = BUILT_PRODUCTS_DIR; };
		5DBAD9B126915CB600AC68C2 /* RoomsApp.swift */ = {isa = PBXFileReference; lastKnownFileType = sourcecode.swift; path = RoomsApp.swift; sourceTree = "<group>"; };
		5DBAD9B326915CB600AC68C2 /* ContentView.swift */ = {isa = PBXFileReference; lastKnownFileType = sourcecode.swift; path = ContentView.swift; sourceTree = "<group>"; };
		5DBAD9B526915CB700AC68C2 /* Assets.xcassets */ = {isa = PBXFileReference; lastKnownFileType = folder.assetcatalog; path = Assets.xcassets; sourceTree = "<group>"; };
		5DBAD9B826915CB700AC68C2 /* Preview Assets.xcassets */ = {isa = PBXFileReference; lastKnownFileType = folder.assetcatalog; path = "Preview Assets.xcassets"; sourceTree = "<group>"; };
		5DBAD9BA26915CB700AC68C2 /* Info.plist */ = {isa = PBXFileReference; lastKnownFileType = text.plist.xml; path = Info.plist; sourceTree = "<group>"; };
		5DBAD9C026916D9600AC68C2 /* Room.swift */ = {isa = PBXFileReference; lastKnownFileType = sourcecode.swift; path = Room.swift; sourceTree = "<group>"; };
		5DBAD9C2269181C000AC68C2 /* RoomDetail.swift */ = {isa = PBXFileReference; lastKnownFileType = sourcecode.swift; path = RoomDetail.swift; sourceTree = "<group>"; };
		5DBAD9C42691FCB800AC68C2 /* RoomStore.swift */ = {isa = PBXFileReference; lastKnownFileType = sourcecode.swift; path = RoomStore.swift; sourceTree = "<group>"; };
/* End PBXFileReference section */

/* Begin PBXFrameworksBuildPhase section */
		5DBAD9AB26915CB600AC68C2 /* Frameworks */ = {
			isa = PBXFrameworksBuildPhase;
			buildActionMask = 2147483647;
			files = (
			);
			runOnlyForDeploymentPostprocessing = 0;
		};
/* End PBXFrameworksBuildPhase section */

/* Begin PBXGroup section */
		5DBAD9A526915CB600AC68C2 = {
			isa = PBXGroup;
			children = (
				5DBAD9B026915CB600AC68C2 /* Rooms */,
				5DBAD9AF26915CB600AC68C2 /* Products */,
			);
			sourceTree = "<group>";
		};
		5DBAD9AF26915CB600AC68C2 /* Products */ = {
			isa = PBXGroup;
			children = (
				5DBAD9AE26915CB600AC68C2 /* Rooms.app */,
			);
			name = Products;
			sourceTree = "<group>";
		};
		5DBAD9B026915CB600AC68C2 /* Rooms */ = {
			isa = PBXGroup;
			children = (
				5DBAD9B126915CB600AC68C2 /* RoomsApp.swift */,
				5DBAD9B326915CB600AC68C2 /* ContentView.swift */,
				5DBAD9C2269181C000AC68C2 /* RoomDetail.swift */,
				5DBAD9C42691FCB800AC68C2 /* RoomStore.swift */,
				5DBAD9C026916D9600AC68C2 /* Room.swift */,
				5DBAD9B526915CB700AC68C2 /* Assets.xcassets */,
				5DBAD9BA26915CB700AC68C2 /* Info.plist */,
				5DBAD9B726915CB700AC68C2 /* Preview Content */,
			);
			path = Rooms;
			sourceTree = "<group>";
		};
		5DBAD9B726915CB700AC68C2 /* Preview Content */ = {
			isa = PBXGroup;
			children = (
				5DBAD9B826915CB700AC68C2 /* Preview Assets.xcassets */,
			);
			path = "Preview Content";
			sourceTree = "<group>";
		};
/* End PBXGroup section */

/* Begin PBXNativeTarget section */
		5DBAD9AD26915CB600AC68C2 /* Rooms */ = {
			isa = PBXNativeTarget;
			buildConfigurationList = 5DBAD9BD26915CB700AC68C2 /* Build configuration list for PBXNativeTarget "Rooms" */;
			buildPhases = (
				5DBAD9AA26915CB600AC68C2 /* Sources */,
				5DBAD9AB26915CB600AC68C2 /* Frameworks */,
				5DBAD9AC26915CB600AC68C2 /* Resources */,
			);
			buildRules = (
			);
			dependencies = (
			);
			name = Rooms;
			productName = Rooms;
			productReference = 5DBAD9AE26915CB600AC68C2 /* Rooms.app */;
			productType = "com.apple.product-type.application";
		};
/* End PBXNativeTarget section */

/* Begin PBXProject section */
		5DBAD9A626915CB600AC68C2 /* Project object */ = {
			isa = PBXProject;
			attributes = {
				LastSwiftUpdateCheck = 1250;
				LastUpgradeCheck = 1250;
				TargetAttributes = {
					5DBAD9AD26915CB600AC68C2 = {
						CreatedOnToolsVersion = 12.5;
					};
				};
			};
			buildConfigurationList = 5DBAD9A926915CB600AC68C2 /* Build configuration list for PBXProject "Rooms" */;
			compatibilityVersion = "Xcode 9.3";
			developmentRegion = en;
			hasScannedForEncodings = 0;
			knownRegions = (
				en,
				Base,
			);
			mainGroup = 5DBAD9A526915CB600AC68C2;
			productRefGroup = 5DBAD9AF26915CB600AC68C2 /* Products */;
			projectDirPath = "";
			projectRoot = "";
			targets = (
				5DBAD9AD26915CB600AC68C2 /* Rooms */,
			);
		};
/* End PBXProject section */

/* Begin PBXResourcesBuildPhase section */
		5DBAD9AC26915CB600AC68C2 /* Resources */ = {
			isa = PBXResourcesBuildPhase;
			buildActionMask = 2147483647;
			files = (
				5DBAD9B926915CB700AC68C2 /* Preview Assets.xcassets in Resources */,
				5DBAD9B626915CB700AC68C2 /* Assets.xcassets in Resources */,
			);
			runOnlyForDeploymentPostprocessing = 0;
		};
/* End PBXResourcesBuildPhase section */

/* Begin PBXSourcesBuildPhase section */
		5DBAD9AA26915CB600AC68C2 /* Sources */ = {
			isa = PBXSourcesBuildPhase;
			buildActionMask = 2147483647;
			files = (
				5DBAD9C52691FCB800AC68C2 /* RoomStore.swift in Sources */,
				5DBAD9B426915CB600AC68C2 /* ContentView.swift in Sources */,
				5DBAD9B226915CB600AC68C2 /* RoomsApp.swift in Sources */,
				5DBAD9C126916D9600AC68C2 /* Room.swift in Sources */,
				5DBAD9C3269181C000AC68C2 /* RoomDetail.swift in Sources */,
			);
			runOnlyForDeploymentPostprocessing = 0;
		};
/* End PBXSourcesBuildPhase section */

/* Begin XCBuildConfiguration section */
		5DBAD9BB26915CB700AC68C2 /* Debug */ = {
			isa = XCBuildConfiguration;
			buildSettings = {
				ALWAYS_SEARCH_USER_PATHS = NO;
				CLANG_ANALYZER_NONNULL = YES;
				CLANG_ANALYZER_NUMBER_OBJECT_CONVERSION = YES_AGGRESSIVE;
				CLANG_CXX_LANGUAGE_STANDARD = "gnu++14";
				CLANG_CXX_LIBRARY = "libc++";
				CLANG_ENABLE_MODULES = YES;
				CLANG_ENABLE_OBJC_ARC = YES;
				CLANG_ENABLE_OBJC_WEAK = YES;
				CLANG_WARN_BLOCK_CAPTURE_AUTORELEASING = YES;
				CLANG_WARN_BOOL_CONVERSION = YES;
				CLANG_WARN_COMMA = YES;
				CLANG_WARN_CONSTANT_CONVERSION = YES;
				CLANG_WARN_DEPRECATED_OBJC_IMPLEMENTATIONS = YES;
				CLANG_WARN_DIRECT_OBJC_ISA_USAGE = YES_ERROR;
				CLANG_WARN_DOCUMENTATION_COMMENTS = YES;
				CLANG_WARN_EMPTY_BODY = YES;
				CLANG_WARN_ENUM_CONVERSION = YES;
				CLANG_WARN_INFINITE_RECURSION = YES;
				CLANG_WARN_INT_CONVERSION = YES;
				CLANG_WARN_NON_LITERAL_NULL_CONVERSION = YES;
				CLANG_WARN_OBJC_IMPLICIT_RETAIN_SELF = YES;
				CLANG_WARN_OBJC_LITERAL_CONVERSION = YES;
				CLANG_WARN_OBJC_ROOT_CLASS = YES_ERROR;
				CLANG_WARN_QUOTED_INCLUDE_IN_FRAMEWORK_HEADER = YES;
				CLANG_WARN_RANGE_LOOP_ANALYSIS = YES;
				CLANG_WARN_STRICT_PROTOTYPES = YES;
				CLANG_WARN_SUSPICIOUS_MOVE = YES;
				CLANG_WARN_UNGUARDED_AVAILABILITY = YES_AGGRESSIVE;
				CLANG_WARN_UNREACHABLE_CODE = YES;
				CLANG_WARN__DUPLICATE_METHOD_MATCH = YES;
				COPY_PHASE_STRIP = NO;
				DEBUG_INFORMATION_FORMAT = dwarf;
				ENABLE_STRICT_OBJC_MSGSEND = YES;
				ENABLE_TESTABILITY = YES;
				GCC_C_LANGUAGE_STANDARD = gnu11;
				GCC_DYNAMIC_NO_PIC = NO;
				GCC_NO_COMMON_BLOCKS = YES;
				GCC_OPTIMIZATION_LEVEL = 0;
				GCC_PREPROCESSOR_DEFINITIONS = (
					"DEBUG=1",
					"$(inherited)",
				);
				GCC_WARN_64_TO_32_BIT_CONVERSION = YES;
				GCC_WARN_ABOUT_RETURN_TYPE = YES_ERROR;
				GCC_WARN_UNDECLARED_SELECTOR = YES;
				GCC_WARN_UNINITIALIZED_AUTOS = YES_AGGRESSIVE;
				GCC_WARN_UNUSED_FUNCTION = YES;
				GCC_WARN_UNUSED_VARIABLE = YES;
				IPHONEOS_DEPLOYMENT_TARGET = 14.5;
				MTL_ENABLE_DEBUG_INFO = INCLUDE_SOURCE;
				MTL_FAST_MATH = YES;
				ONLY_ACTIVE_ARCH = YES;
				SDKROOT = iphoneos;
				SWIFT_ACTIVE_COMPILATION_CONDITIONS = DEBUG;
				SWIFT_OPTIMIZATION_LEVEL = "-Onone";
			};
			name = Debug;
		};
		5DBAD9BC26915CB700AC68C2 /* Release */ = {
			isa = XCBuildConfiguration;
			buildSettings = {
				ALWAYS_SEARCH_USER_PATHS = NO;
				CLANG_ANALYZER_NONNULL = YES;
				CLANG_ANALYZER_NUMBER_OBJECT_CONVERSION = YES_AGGRESSIVE;
				CLANG_CXX_LANGUAGE_STANDARD = "gnu++14";
				CLANG_CXX_LIBRARY = "libc++";
				CLANG_ENABLE_MODULES = YES;
				CLANG_ENABLE_OBJC_ARC = YES;
				CLANG_ENABLE_OBJC_WEAK = YES;
				CLANG_WARN_BLOCK_CAPTURE_AUTORELEASING = YES;
				CLANG_WARN_BOOL_CONVERSION = YES;
				CLANG_WARN_COMMA = YES;
				CLANG_WARN_CONSTANT_CONVERSION = YES;
				CLANG_WARN_DEPRECATED_OBJC_IMPLEMENTATIONS = YES;
				CLANG_WARN_DIRECT_OBJC_ISA_USAGE = YES_ERROR;
				CLANG_WARN_DOCUMENTATION_COMMENTS = YES;
				CLANG_WARN_EMPTY_BODY = YES;
				CLANG_WARN_ENUM_CONVERSION = YES;
				CLANG_WARN_INFINITE_RECURSION = YES;
				CLANG_WARN_INT_CONVERSION = YES;
				CLANG_WARN_NON_LITERAL_NULL_CONVERSION = YES;
				CLANG_WARN_OBJC_IMPLICIT_RETAIN_SELF = YES;
				CLANG_WARN_OBJC_LITERAL_CONVERSION = YES;
				CLANG_WARN_OBJC_ROOT_CLASS = YES_ERROR;
				CLANG_WARN_QUOTED_INCLUDE_IN_FRAMEWORK_HEADER = YES;
				CLANG_WARN_RANGE_LOOP_ANALYSIS = YES;
				CLANG_WARN_STRICT_PROTOTYPES = YES;
				CLANG_WARN_SUSPICIOUS_MOVE = YES;
				CLANG_WARN_UNGUARDED_AVAILABILITY = YES_AGGRESSIVE;
				CLANG_WARN_UNREACHABLE_CODE = YES;
				CLANG_WARN__DUPLICATE_METHOD_MATCH = YES;
				COPY_PHASE_STRIP = NO;
				DEBUG_INFORMATION_FORMAT = "dwarf-with-dsym";
				ENABLE_NS_ASSERTIONS = NO;
				ENABLE_STRICT_OBJC_MSGSEND = YES;
				GCC_C_LANGUAGE_STANDARD = gnu11;
				GCC_NO_COMMON_BLOCKS = YES;
				GCC_WARN_64_TO_32_BIT_CONVERSION = YES;
				GCC_WARN_ABOUT_RETURN_TYPE = YES_ERROR;
				GCC_WARN_UNDECLARED_SELECTOR = YES;
				GCC_WARN_UNINITIALIZED_AUTOS = YES_AGGRESSIVE;
				GCC_WARN_UNUSED_FUNCTION = YES;
				GCC_WARN_UNUSED_VARIABLE = YES;
				IPHONEOS_DEPLOYMENT_TARGET = 14.5;
				MTL_ENABLE_DEBUG_INFO = NO;
				MTL_FAST_MATH = YES;
				SDKROOT = iphoneos;
				SWIFT_COMPILATION_MODE = wholemodule;
				SWIFT_OPTIMIZATION_LEVEL = "-O";
				VALIDATE_PRODUCT = YES;
			};
			name = Release;
		};
		5DBAD9BE26915CB700AC68C2 /* Debug */ = {
			isa = XCBuildConfiguration;
			buildSettings = {
				ASSETCATALOG_COMPILER_APPICON_NAME = AppIcon;
				ASSETCATALOG_COMPILER_GLOBAL_ACCENT_COLOR_NAME = AccentColor;
				CODE_SIGN_STYLE = Automatic;
				DEVELOPMENT_ASSET_PATHS = "\"Rooms/Preview Content\"";
				DEVELOPMENT_TEAM = 2V6M6N5SQQ;
				ENABLE_PREVIEWS = YES;
				INFOPLIST_FILE = Rooms/Info.plist;
				IPHONEOS_DEPLOYMENT_TARGET = 14.0;
				LD_RUNPATH_SEARCH_PATHS = (
					"$(inherited)",
					"@executable_path/Frameworks",
				);
				PRODUCT_BUNDLE_IDENTIFIER = com.gc.Rooms;
				PRODUCT_NAME = "$(TARGET_NAME)";
				SWIFT_VERSION = 5.0;
				TARGETED_DEVICE_FAMILY = "1,2";
			};
			name = Debug;
		};
		5DBAD9BF26915CB700AC68C2 /* Release */ = {
			isa = XCBuildConfiguration;
			buildSettings = {
				ASSETCATALOG_COMPILER_APPICON_NAME = AppIcon;
				ASSETCATALOG_COMPILER_GLOBAL_ACCENT_COLOR_NAME = AccentColor;
				CODE_SIGN_STYLE = Automatic;
				DEVELOPMENT_ASSET_PATHS = "\"Rooms/Preview Content\"";
				DEVELOPMENT_TEAM = 2V6M6N5SQQ;
				ENABLE_PREVIEWS = YES;
				INFOPLIST_FILE = Rooms/Info.plist;
				IPHONEOS_DEPLOYMENT_TARGET = 14.0;
				LD_RUNPATH_SEARCH_PATHS = (
					"$(inherited)",
					"@executable_path/Frameworks",
				);
				PRODUCT_BUNDLE_IDENTIFIER = com.gc.Rooms;
				PRODUCT_NAME = "$(TARGET_NAME)";
				SWIFT_VERSION = 5.0;
				TARGETED_DEVICE_FAMILY = "1,2";
			};
			name = Release;
		};
/* End XCBuildConfiguration section */

/* Begin XCConfigurationList section */
		5DBAD9A926915CB600AC68C2 /* Build configuration list for PBXProject "Rooms" */ = {
			isa = XCConfigurationList;
			buildConfigurations = (
				5DBAD9BB26915CB700AC68C2 /* Debug */,
				5DBAD9BC26915CB700AC68C2 /* Release */,
			);
			defaultConfigurationIsVisible = 0;
			defaultConfigurationName = Release;
		};
		5DBAD9BD26915CB700AC68C2 /* Build configuration list for PBXNativeTarget "Rooms" */ = {
			isa = XCConfigurationList;
			buildConfigurations = (
				5DBAD9BE26915CB700AC68C2 /* Debug */,
				5DBAD9BF26915CB700AC68C2 /* Release */,
			);
			defaultConfigurationIsVisible = 0;
			defaultConfigurationName = Release;
		};
/* End XCConfigurationList section */
	};
	rootObject = 5DBAD9A626915CB600AC68C2 /* Project object */;
}
