// !$*UTF8*$!
{
	archiveVersion = 1;
	classes = {
	};
	objectVersion = 50;
	objects = {

/* Begin PBXBuildFile section */
		5D7762492698996900727283 /* DrawCardApp.swift in Sources */ = {isa = PBXBuildFile; fileRef = 5D7762482698996900727283 /* DrawCardApp.swift */; };
		5D77624B2698996900727283 /* ContentView.swift in Sources */ = {isa = PBXBuildFile; fileRef = 5D77624A2698996900727283 /* ContentView.swift */; };
		5D77624D2698996A00727283 /* Assets.xcassets in Resources */ = {isa = PBXBuildFile; fileRef = 5D77624C2698996A00727283 /* Assets.xcassets */; };
		5D7762502698996A00727283 /* Preview Assets.xcassets in Resources */ = {isa = PBXBuildFile; fileRef = 5D77624F2698996A00727283 /* Preview Assets.xcassets */; };
		5D7762592698A0A300727283 /* CardModel.swift in Sources */ = {isa = PBXBuildFile; fileRef = 5D7762582698A0A300727283 /* CardModel.swift */; };
		5D77625B2698A93E00727283 /* CardView.swift in Sources */ = {isa = PBXBuildFile; fileRef = 5D77625A2698A93E00727283 /* CardView.swift */; };
		5D77625F2698B07900727283 /* BadgeSymbol.swift in Sources */ = {isa = PBXBuildFile; fileRef = 5D77625C2698B07900727283 /* BadgeSymbol.swift */; };
		5D7762602698B07900727283 /* RotatedBadgeSymbol.swift in Sources */ = {isa = PBXBuildFile; fileRef = 5D77625D2698B07900727283 /* RotatedBadgeSymbol.swift */; };
		5D7762612698B07900727283 /* Badge.swift in Sources */ = {isa = PBXBuildFile; fileRef = 5D77625E2698B07900727283 /* Badge.swift */; };
		5D7762632698B0A800727283 /* BadgeBackground.swift in Sources */ = {isa = PBXBuildFile; fileRef = 5D7762622698B0A800727283 /* BadgeBackground.swift */; };
		5D7762652698B0D000727283 /* HexagonParameters.swift in Sources */ = {isa = PBXBuildFile; fileRef = 5D7762642698B0D000727283 /* HexagonParameters.swift */; };
/* End PBXBuildFile section */

/* Begin PBXFileReference section */
		5D7762452698996900727283 /* DrawCard.app */ = {isa = PBXFileReference; explicitFileType = wrapper.application; includeInIndex = 0; path = DrawCard.app; sourceTree = BUILT_PRODUCTS_DIR; };
		5D7762482698996900727283 /* DrawCardApp.swift */ = {isa = PBXFileReference; lastKnownFileType = sourcecode.swift; path = DrawCardApp.swift; sourceTree = "<group>"; };
		5D77624A2698996900727283 /* ContentView.swift */ = {isa = PBXFileReference; lastKnownFileType = sourcecode.swift; path = ContentView.swift; sourceTree = "<group>"; };
		5D77624C2698996A00727283 /* Assets.xcassets */ = {isa = PBXFileReference; lastKnownFileType = folder.assetcatalog; path = Assets.xcassets; sourceTree = "<group>"; };
		5D77624F2698996A00727283 /* Preview Assets.xcassets */ = {isa = PBXFileReference; lastKnownFileType = folder.assetcatalog; path = "Preview Assets.xcassets"; sourceTree = "<group>"; };
		5D7762512698996A00727283 /* Info.plist */ = {isa = PBXFileReference; lastKnownFileType = text.plist.xml; path = Info.plist; sourceTree = "<group>"; };
		5D7762522698996A00727283 /* DrawCard.entitlements */ = {isa = PBXFileReference; lastKnownFileType = text.plist.entitlements; path = DrawCard.entitlements; sourceTree = "<group>"; };
		5D7762582698A0A300727283 /* CardModel.swift */ = {isa = PBXFileReference; lastKnownFileType = sourcecode.swift; path = CardModel.swift; sourceTree = "<group>"; };
		5D77625A2698A93E00727283 /* CardView.swift */ = {isa = PBXFileReference; lastKnownFileType = sourcecode.swift; path = CardView.swift; sourceTree = "<group>"; };
		5D77625C2698B07900727283 /* BadgeSymbol.swift */ = {isa = PBXFileReference; fileEncoding = 4; lastKnownFileType = sourcecode.swift; path = BadgeSymbol.swift; sourceTree = "<group>"; };
		5D77625D2698B07900727283 /* RotatedBadgeSymbol.swift */ = {isa = PBXFileReference; fileEncoding = 4; lastKnownFileType = sourcecode.swift; path = RotatedBadgeSymbol.swift; sourceTree = "<group>"; };
		5D77625E2698B07900727283 /* Badge.swift */ = {isa = PBXFileReference; fileEncoding = 4; lastKnownFileType = sourcecode.swift; path = Badge.swift; sourceTree = "<group>"; };
		5D7762622698B0A800727283 /* BadgeBackground.swift */ = {isa = PBXFileReference; fileEncoding = 4; lastKnownFileType = sourcecode.swift; path = BadgeBackground.swift; sourceTree = "<group>"; };
		5D7762642698B0D000727283 /* HexagonParameters.swift */ = {isa = PBXFileReference; fileEncoding = 4; lastKnownFileType = sourcecode.swift; path = HexagonParameters.swift; sourceTree = "<group>"; };
/* End PBXFileReference section */

/* Begin PBXFrameworksBuildPhase section */
		5D7762422698996900727283 /* Frameworks */ = {
			isa = PBXFrameworksBuildPhase;
			buildActionMask = 2147483647;
			files = (
			);
			runOnlyForDeploymentPostprocessing = 0;
		};
/* End PBXFrameworksBuildPhase section */

/* Begin PBXGroup section */
		5D77623C2698996900727283 = {
			isa = PBXGroup;
			children = (
				5D7762472698996900727283 /* DrawCard */,
				5D7762462698996900727283 /* Products */,
			);
			sourceTree = "<group>";
		};
		5D7762462698996900727283 /* Products */ = {
			isa = PBXGroup;
			children = (
				5D7762452698996900727283 /* DrawCard.app */,
			);
			name = Products;
			sourceTree = "<group>";
		};
		5D7762472698996900727283 /* DrawCard */ = {
			isa = PBXGroup;
			children = (
				5D7762482698996900727283 /* DrawCardApp.swift */,
				5D77624A2698996900727283 /* ContentView.swift */,
				5D7762582698A0A300727283 /* CardModel.swift */,
				5D77625A2698A93E00727283 /* CardView.swift */,
				5D7762672698B11900727283 /* BadgeView */,
				5D77624C2698996A00727283 /* Assets.xcassets */,
				5D7762512698996A00727283 /* Info.plist */,
				5D7762522698996A00727283 /* DrawCard.entitlements */,
				5D77624E2698996A00727283 /* Preview Content */,
			);
			path = DrawCard;
			sourceTree = "<group>";
		};
		5D77624E2698996A00727283 /* Preview Content */ = {
			isa = PBXGroup;
			children = (
				5D77624F2698996A00727283 /* Preview Assets.xcassets */,
			);
			path = "Preview Content";
			sourceTree = "<group>";
		};
		5D7762672698B11900727283 /* BadgeView */ = {
			isa = PBXGroup;
			children = (
				5D77625E2698B07900727283 /* Badge.swift */,
				5D77625C2698B07900727283 /* BadgeSymbol.swift */,
				5D77625D2698B07900727283 /* RotatedBadgeSymbol.swift */,
				5D7762622698B0A800727283 /* BadgeBackground.swift */,
				5D7762642698B0D000727283 /* HexagonParameters.swift */,
			);
			path = BadgeView;
			sourceTree = "<group>";
		};
/* End PBXGroup section */

/* Begin PBXNativeTarget section */
		5D7762442698996900727283 /* DrawCard */ = {
			isa = PBXNativeTarget;
			buildConfigurationList = 5D7762552698996A00727283 /* Build configuration list for PBXNativeTarget "DrawCard" */;
			buildPhases = (
				5D7762412698996900727283 /* Sources */,
				5D7762422698996900727283 /* Frameworks */,
				5D7762432698996900727283 /* Resources */,
			);
			buildRules = (
			);
			dependencies = (
			);
			name = DrawCard;
			productName = DrawCard;
			productReference = 5D7762452698996900727283 /* DrawCard.app */;
			productType = "com.apple.product-type.application";
		};
/* End PBXNativeTarget section */

/* Begin PBXProject section */
		5D77623D2698996900727283 /* Project object */ = {
			isa = PBXProject;
			attributes = {
				LastSwiftUpdateCheck = 1250;
				LastUpgradeCheck = 1250;
				TargetAttributes = {
					5D7762442698996900727283 = {
						CreatedOnToolsVersion = 12.5;
					};
				};
			};
			buildConfigurationList = 5D7762402698996900727283 /* Build configuration list for PBXProject "DrawCard" */;
			compatibilityVersion = "Xcode 9.3";
			developmentRegion = en;
			hasScannedForEncodings = 0;
			knownRegions = (
				en,
				Base,
			);
			mainGroup = 5D77623C2698996900727283;
			productRefGroup = 5D7762462698996900727283 /* Products */;
			projectDirPath = "";
			projectRoot = "";
			targets = (
				5D7762442698996900727283 /* DrawCard */,
			);
		};
/* End PBXProject section */

/* Begin PBXResourcesBuildPhase section */
		5D7762432698996900727283 /* Resources */ = {
			isa = PBXResourcesBuildPhase;
			buildActionMask = 2147483647;
			files = (
				5D7762502698996A00727283 /* Preview Assets.xcassets in Resources */,
				5D77624D2698996A00727283 /* Assets.xcassets in Resources */,
			);
			runOnlyForDeploymentPostprocessing = 0;
		};
/* End PBXResourcesBuildPhase section */

/* Begin PBXSourcesBuildPhase section */
		5D7762412698996900727283 /* Sources */ = {
			isa = PBXSourcesBuildPhase;
			buildActionMask = 2147483647;
			files = (
				5D7762612698B07900727283 /* Badge.swift in Sources */,
				5D77624B2698996900727283 /* ContentView.swift in Sources */,
				5D7762492698996900727283 /* DrawCardApp.swift in Sources */,
				5D7762652698B0D000727283 /* HexagonParameters.swift in Sources */,
				5D7762632698B0A800727283 /* BadgeBackground.swift in Sources */,
				5D77625B2698A93E00727283 /* CardView.swift in Sources */,
				5D77625F2698B07900727283 /* BadgeSymbol.swift in Sources */,
				5D7762592698A0A300727283 /* CardModel.swift in Sources */,
				5D7762602698B07900727283 /* RotatedBadgeSymbol.swift in Sources */,
			);
			runOnlyForDeploymentPostprocessing = 0;
		};
/* End PBXSourcesBuildPhase section */

/* Begin XCBuildConfiguration section */
		5D7762532698996A00727283 /* Debug */ = {
			isa = XCBuildConfiguration;
			buildSettings = {
				ALWAYS_SEARCH_USER_PATHS = NO;
				CLANG_ANALYZER_NONNULL = YES;
				CLANG_ANALYZER_NUMBER_OBJECT_CONVERSION = YES_AGGRESSIVE;
				CLANG_CXX_LANGUAGE_STANDARD = "gnu++14";
				CLANG_CXX_LIBRARY = "libc++";
				CLANG_ENABLE_MODULES = YES;
				CLANG_ENABLE_OBJC_ARC = YES;
				CLANG_ENABLE_OBJC_WEAK = YES;
				CLANG_WARN_BLOCK_CAPTURE_AUTORELEASING = YES;
				CLANG_WARN_BOOL_CONVERSION = YES;
				CLANG_WARN_COMMA = YES;
				CLANG_WARN_CONSTANT_CONVERSION = YES;
				CLANG_WARN_DEPRECATED_OBJC_IMPLEMENTATIONS = YES;
				CLANG_WARN_DIRECT_OBJC_ISA_USAGE = YES_ERROR;
				CLANG_WARN_DOCUMENTATION_COMMENTS = YES;
				CLANG_WARN_EMPTY_BODY = YES;
				CLANG_WARN_ENUM_CONVERSION = YES;
				CLANG_WARN_INFINITE_RECURSION = YES;
				CLANG_WARN_INT_CONVERSION = YES;
				CLANG_WARN_NON_LITERAL_NULL_CONVERSION = YES;
				CLANG_WARN_OBJC_IMPLICIT_RETAIN_SELF = YES;
				CLANG_WARN_OBJC_LITERAL_CONVERSION = YES;
				CLANG_WARN_OBJC_ROOT_CLASS = YES_ERROR;
				CLANG_WARN_QUOTED_INCLUDE_IN_FRAMEWORK_HEADER = YES;
				CLANG_WARN_RANGE_LOOP_ANALYSIS = YES;
				CLANG_WARN_STRICT_PROTOTYPES = YES;
				CLANG_WARN_SUSPICIOUS_MOVE = YES;
				CLANG_WARN_UNGUARDED_AVAILABILITY = YES_AGGRESSIVE;
				CLANG_WARN_UNREACHABLE_CODE = YES;
				CLANG_WARN__DUPLICATE_METHOD_MATCH = YES;
				COPY_PHASE_STRIP = NO;
				DEBUG_INFORMATION_FORMAT = dwarf;
				ENABLE_STRICT_OBJC_MSGSEND = YES;
				ENABLE_TESTABILITY = YES;
				GCC_C_LANGUAGE_STANDARD = gnu11;
				GCC_DYNAMIC_NO_PIC = NO;
				GCC_NO_COMMON_BLOCKS = YES;
				GCC_OPTIMIZATION_LEVEL = 0;
				GCC_PREPROCESSOR_DEFINITIONS = (
					"DEBUG=1",
					"$(inherited)",
				);
				GCC_WARN_64_TO_32_BIT_CONVERSION = YES;
				GCC_WARN_ABOUT_RETURN_TYPE = YES_ERROR;
				GCC_WARN_UNDECLARED_SELECTOR = YES;
				GCC_WARN_UNINITIALIZED_AUTOS = YES_AGGRESSIVE;
				GCC_WARN_UNUSED_FUNCTION = YES;
				GCC_WARN_UNUSED_VARIABLE = YES;
				MACOSX_DEPLOYMENT_TARGET = 11.3;
				MTL_ENABLE_DEBUG_INFO = INCLUDE_SOURCE;
				MTL_FAST_MATH = YES;
				ONLY_ACTIVE_ARCH = YES;
				SDKROOT = macosx;
				SWIFT_ACTIVE_COMPILATION_CONDITIONS = DEBUG;
				SWIFT_OPTIMIZATION_LEVEL = "-Onone";
			};
			name = Debug;
		};
		5D7762542698996A00727283 /* Release */ = {
			isa = XCBuildConfiguration;
			buildSettings = {
				ALWAYS_SEARCH_USER_PATHS = NO;
				CLANG_ANALYZER_NONNULL = YES;
				CLANG_ANALYZER_NUMBER_OBJECT_CONVERSION = YES_AGGRESSIVE;
				CLANG_CXX_LANGUAGE_STANDARD = "gnu++14";
				CLANG_CXX_LIBRARY = "libc++";
				CLANG_ENABLE_MODULES = YES;
				CLANG_ENABLE_OBJC_ARC = YES;
				CLANG_ENABLE_OBJC_WEAK = YES;
				CLANG_WARN_BLOCK_CAPTURE_AUTORELEASING = YES;
				CLANG_WARN_BOOL_CONVERSION = YES;
				CLANG_WARN_COMMA = YES;
				CLANG_WARN_CONSTANT_CONVERSION = YES;
				CLANG_WARN_DEPRECATED_OBJC_IMPLEMENTATIONS = YES;
				CLANG_WARN_DIRECT_OBJC_ISA_USAGE = YES_ERROR;
				CLANG_WARN_DOCUMENTATION_COMMENTS = YES;
				CLANG_WARN_EMPTY_BODY = YES;
				CLANG_WARN_ENUM_CONVERSION = YES;
				CLANG_WARN_INFINITE_RECURSION = YES;
				CLANG_WARN_INT_CONVERSION = YES;
				CLANG_WARN_NON_LITERAL_NULL_CONVERSION = YES;
				CLANG_WARN_OBJC_IMPLICIT_RETAIN_SELF = YES;
				CLANG_WARN_OBJC_LITERAL_CONVERSION = YES;
				CLANG_WARN_OBJC_ROOT_CLASS = YES_ERROR;
				CLANG_WARN_QUOTED_INCLUDE_IN_FRAMEWORK_HEADER = YES;
				CLANG_WARN_RANGE_LOOP_ANALYSIS = YES;
				CLANG_WARN_STRICT_PROTOTYPES = YES;
				CLANG_WARN_SUSPICIOUS_MOVE = YES;
				CLANG_WARN_UNGUARDED_AVAILABILITY = YES_AGGRESSIVE;
				CLANG_WARN_UNREACHABLE_CODE = YES;
				CLANG_WARN__DUPLICATE_METHOD_MATCH = YES;
				COPY_PHASE_STRIP = NO;
				DEBUG_INFORMATION_FORMAT = "dwarf-with-dsym";
				ENABLE_NS_ASSERTIONS = NO;
				ENABLE_STRICT_OBJC_MSGSEND = YES;
				GCC_C_LANGUAGE_STANDARD = gnu11;
				GCC_NO_COMMON_BLOCKS = YES;
				GCC_WARN_64_TO_32_BIT_CONVERSION = YES;
				GCC_WARN_ABOUT_RETURN_TYPE = YES_ERROR;
				GCC_WARN_UNDECLARED_SELECTOR = YES;
				GCC_WARN_UNINITIALIZED_AUTOS = YES_AGGRESSIVE;
				GCC_WARN_UNUSED_FUNCTION = YES;
				GCC_WARN_UNUSED_VARIABLE = YES;
				MACOSX_DEPLOYMENT_TARGET = 11.3;
				MTL_ENABLE_DEBUG_INFO = NO;
				MTL_FAST_MATH = YES;
				SDKROOT = macosx;
				SWIFT_COMPILATION_MODE = wholemodule;
				SWIFT_OPTIMIZATION_LEVEL = "-O";
			};
			name = Release;
		};
		5D7762562698996A00727283 /* Debug */ = {
			isa = XCBuildConfiguration;
			buildSettings = {
				ASSETCATALOG_COMPILER_APPICON_NAME = AppIcon;
				ASSETCATALOG_COMPILER_GLOBAL_ACCENT_COLOR_NAME = AccentColor;
				CODE_SIGN_ENTITLEMENTS = DrawCard/DrawCard.entitlements;
				CODE_SIGN_STYLE = Automatic;
				COMBINE_HIDPI_IMAGES = YES;
				DEVELOPMENT_ASSET_PATHS = "\"DrawCard/Preview Content\"";
				DEVELOPMENT_TEAM = 2V6M6N5SQQ;
				ENABLE_HARDENED_RUNTIME = YES;
				ENABLE_PREVIEWS = YES;
				INFOPLIST_FILE = DrawCard/Info.plist;
				LD_RUNPATH_SEARCH_PATHS = (
					"$(inherited)",
					"@executable_path/../Frameworks",
				);
				MACOSX_DEPLOYMENT_TARGET = 11.0;
				PRODUCT_BUNDLE_IDENTIFIER = com.gc.DrawCard;
				PRODUCT_NAME = "$(TARGET_NAME)";
				SWIFT_VERSION = 5.0;
			};
			name = Debug;
		};
		5D7762572698996A00727283 /* Release */ = {
			isa = XCBuildConfiguration;
			buildSettings = {
				ASSETCATALOG_COMPILER_APPICON_NAME = AppIcon;
				ASSETCATALOG_COMPILER_GLOBAL_ACCENT_COLOR_NAME = AccentColor;
				CODE_SIGN_ENTITLEMENTS = DrawCard/DrawCard.entitlements;
				CODE_SIGN_STYLE = Automatic;
				COMBINE_HIDPI_IMAGES = YES;
				DEVELOPMENT_ASSET_PATHS = "\"DrawCard/Preview Content\"";
				DEVELOPMENT_TEAM = 2V6M6N5SQQ;
				ENABLE_HARDENED_RUNTIME = YES;
				ENABLE_PREVIEWS = YES;
				INFOPLIST_FILE = DrawCard/Info.plist;
				LD_RUNPATH_SEARCH_PATHS = (
					"$(inherited)",
					"@executable_path/../Frameworks",
				);
				MACOSX_DEPLOYMENT_TARGET = 11.0;
				PRODUCT_BUNDLE_IDENTIFIER = com.gc.DrawCard;
				PRODUCT_NAME = "$(TARGET_NAME)";
				SWIFT_VERSION = 5.0;
			};
			name = Release;
		};
/* End XCBuildConfiguration section */

/* Begin XCConfigurationList section */
		5D7762402698996900727283 /* Build configuration list for PBXProject "DrawCard" */ = {
			isa = XCConfigurationList;
			buildConfigurations = (
				5D7762532698996A00727283 /* Debug */,
				5D7762542698996A00727283 /* Release */,
			);
			defaultConfigurationIsVisible = 0;
			defaultConfigurationName = Release;
		};
		5D7762552698996A00727283 /* Build configuration list for PBXNativeTarget "DrawCard" */ = {
			isa = XCConfigurationList;
			buildConfigurations = (
				5D7762562698996A00727283 /* Debug */,
				5D7762572698996A00727283 /* Release */,
			);
			defaultConfigurationIsVisible = 0;
			defaultConfigurationName = Release;
		};
/* End XCConfigurationList section */
	};
	rootObject = 5D77623D2698996900727283 /* Project object */;
}
